
Microsoft Visual Studio Solution File, Format Version 12.00
# Visual Studio Version 17
VisualStudioVersion = 17.6.33815.320
MinimumVisualStudioVersion = 10.0.40219.1
Project("{FAE04EC0-301F-11D3-BF4B-00C04F79EFBC}") = "Simple Calculator", "Simple Calculator\Simple Calculator.csproj", "{9AB667F8-FC0F-4571-95F1-E6528F3E2805}"
EndProject
Global
	GlobalSection(SolutionConfigurationPlatforms) = preSolution
		Debug|Any CPU = Debug|Any CPU
		Release|Any CPU = Release|Any CPU
	EndGlobalSection
	GlobalSection(ProjectConfigurationPlatforms) = postSolution
		{9AB667F8-FC0F-4571-95F1-E6528F3E2805}.Debug|Any CPU.ActiveCfg = Debug|Any CPU
		{9AB667F8-FC0F-4571-95F1-E6528F3E2805}.Debug|Any CPU.Build.0 = Debug|Any CPU
		{9AB667F8-FC0F-4571-95F1-E6528F3E2805}.Release|Any CPU.ActiveCfg = Release|Any CPU
		{9AB667F8-FC0F-4571-95F1-E6528F3E2805}.Release|Any CPU.Build.0 = Release|Any CPU
	EndGlobalSection
	GlobalSection(SolutionProperties) = preSolution
		HideSolutionNode = FALSE
	EndGlobalSection
	GlobalSection(ExtensibilityGlobals) = postSolution
		SolutionGuid = {A3D5DC5F-2D28-4691-B9EE-0CD78F8C53C4}
	EndGlobalSection
EndGlobal
