
Microsoft Visual Studio Solution File, Format Version 12.00
# Visual Studio Version 17
VisualStudioVersion = 17.6.33815.320
MinimumVisualStudioVersion = 10.0.40219.1
Project("{FAE04EC0-301F-11D3-BF4B-00C04F79EFBC}") = "50pointSol", "50pointSol\50pointSol.csproj", "{B0AC274E-6684-4DBD-96EE-BB811F50887C}"
EndProject
Global
	GlobalSection(SolutionConfigurationPlatforms) = preSolution
		Debug|Any CPU = Debug|Any CPU
		Release|Any CPU = Release|Any CPU
	EndGlobalSection
	GlobalSection(ProjectConfigurationPlatforms) = postSolution
		{B0AC274E-6684-4DBD-96EE-BB811F50887C}.Debug|Any CPU.ActiveCfg = Debug|Any CPU
		{B0AC274E-6684-4DBD-96EE-BB811F50887C}.Debug|Any CPU.Build.0 = Debug|Any CPU
		{B0AC274E-6684-4DBD-96EE-BB811F50887C}.Release|Any CPU.ActiveCfg = Release|Any CPU
		{B0AC274E-6684-4DBD-96EE-BB811F50887C}.Release|Any CPU.Build.0 = Release|Any CPU
	EndGlobalSection
	GlobalSection(SolutionProperties) = preSolution
		HideSolutionNode = FALSE
	EndGlobalSection
	GlobalSection(ExtensibilityGlobals) = postSolution
		SolutionGuid = {05E8B591-2F8E-4907-8189-F955211B1B2B}
	EndGlobalSection
EndGlobal
