
Microsoft Visual Studio Solution File, Format Version 12.00
# Visual Studio Version 17
VisualStudioVersion = 17.6.33815.320
MinimumVisualStudioVersion = 10.0.40219.1
Project("{FAE04EC0-301F-11D3-BF4B-00C04F79EFBC}") = "Serial Communication", "Serial Communication\Serial Communication.csproj", "{B9EB9F79-E19D-4134-96DB-BAF9611E62E5}"
EndProject
Global
	GlobalSection(SolutionConfigurationPlatforms) = preSolution
		Debug|Any CPU = Debug|Any CPU
		Release|Any CPU = Release|Any CPU
	EndGlobalSection
	GlobalSection(ProjectConfigurationPlatforms) = postSolution
		{B9EB9F79-E19D-4134-96DB-BAF9611E62E5}.Debug|Any CPU.ActiveCfg = Debug|Any CPU
		{B9EB9F79-E19D-4134-96DB-BAF9611E62E5}.Debug|Any CPU.Build.0 = Debug|Any CPU
		{B9EB9F79-E19D-4134-96DB-BAF9611E62E5}.Release|Any CPU.ActiveCfg = Release|Any CPU
		{B9EB9F79-E19D-4134-96DB-BAF9611E62E5}.Release|Any CPU.Build.0 = Release|Any CPU
	EndGlobalSection
	GlobalSection(SolutionProperties) = preSolution
		HideSolutionNode = FALSE
	EndGlobalSection
	GlobalSection(ExtensibilityGlobals) = postSolution
		SolutionGuid = {5DCD6BE2-2A67-475D-B756-D58BEC24BF05}
	EndGlobalSection
EndGlobal
