
Microsoft Visual Studio Solution File, Format Version 12.00
# Visual Studio 15
VisualStudioVersion = 15.0.33801.198
MinimumVisualStudioVersion = 10.0.40219.1
Project("{FAE04EC0-301F-11D3-BF4B-00C04F79EFBC}") = "Arduino Com", "Arduino Com\Arduino Com.csproj", "{46530141-3B52-48EA-94A2-46AA53B86B9F}"
EndProject
Global
	GlobalSection(SolutionConfigurationPlatforms) = preSolution
		Debug|Any CPU = Debug|Any CPU
		Release|Any CPU = Release|Any CPU
	EndGlobalSection
	GlobalSection(ProjectConfigurationPlatforms) = postSolution
		{46530141-3B52-48EA-94A2-46AA53B86B9F}.Debug|Any CPU.ActiveCfg = Debug|Any CPU
		{46530141-3B52-48EA-94A2-46AA53B86B9F}.Debug|Any CPU.Build.0 = Debug|Any CPU
		{46530141-3B52-48EA-94A2-46AA53B86B9F}.Release|Any CPU.ActiveCfg = Release|Any CPU
		{46530141-3B52-48EA-94A2-46AA53B86B9F}.Release|Any CPU.Build.0 = Release|Any CPU
	EndGlobalSection
	GlobalSection(SolutionProperties) = preSolution
		HideSolutionNode = FALSE
	EndGlobalSection
	GlobalSection(ExtensibilityGlobals) = postSolution
		SolutionGuid = {D9CDA022-FAFA-4CCA-9CDD-6B257298ABFC}
	EndGlobalSection
EndGlobal
