
Microsoft Visual Studio Solution File, Format Version 12.00
# Visual Studio 15
VisualStudioVersion = 15.0.33801.198
MinimumVisualStudioVersion = 10.0.40219.1
Project("{FAE04EC0-301F-11D3-BF4B-00C04F79EFBC}") = "LiveChart", "LiveChart\LiveChart.csproj", "{67536A7A-8DAA-4AF7-8472-8FA199D73B00}"
EndProject
Global
	GlobalSection(SolutionConfigurationPlatforms) = preSolution
		Debug|Any CPU = Debug|Any CPU
		Release|Any CPU = Release|Any CPU
	EndGlobalSection
	GlobalSection(ProjectConfigurationPlatforms) = postSolution
		{67536A7A-8DAA-4AF7-8472-8FA199D73B00}.Debug|Any CPU.ActiveCfg = Debug|Any CPU
		{67536A7A-8DAA-4AF7-8472-8FA199D73B00}.Debug|Any CPU.Build.0 = Debug|Any CPU
		{67536A7A-8DAA-4AF7-8472-8FA199D73B00}.Release|Any CPU.ActiveCfg = Release|Any CPU
		{67536A7A-8DAA-4AF7-8472-8FA199D73B00}.Release|Any CPU.Build.0 = Release|Any CPU
	EndGlobalSection
	GlobalSection(SolutionProperties) = preSolution
		HideSolutionNode = FALSE
	EndGlobalSection
	GlobalSection(ExtensibilityGlobals) = postSolution
		SolutionGuid = {B7B87B1A-152D-432D-9DFA-EFCED9C492A7}
	EndGlobalSection
EndGlobal
