
Microsoft Visual Studio Solution File, Format Version 12.00
# Visual Studio Version 17
VisualStudioVersion = 17.6.33815.320
MinimumVisualStudioVersion = 10.0.40219.1
Project("{FAE04EC0-301F-11D3-BF4B-00C04F79EFBC}") = "Table with Excel", "Table with Excel\Table with Excel.csproj", "{330F7906-C032-4403-A03D-4EBACB54F388}"
EndProject
Global
	GlobalSection(SolutionConfigurationPlatforms) = preSolution
		Debug|Any CPU = Debug|Any CPU
		Release|Any CPU = Release|Any CPU
	EndGlobalSection
	GlobalSection(ProjectConfigurationPlatforms) = postSolution
		{330F7906-C032-4403-A03D-4EBACB54F388}.Debug|Any CPU.ActiveCfg = Debug|Any CPU
		{330F7906-C032-4403-A03D-4EBACB54F388}.Debug|Any CPU.Build.0 = Debug|Any CPU
		{330F7906-C032-4403-A03D-4EBACB54F388}.Release|Any CPU.ActiveCfg = Release|Any CPU
		{330F7906-C032-4403-A03D-4EBACB54F388}.Release|Any CPU.Build.0 = Release|Any CPU
	EndGlobalSection
	GlobalSection(SolutionProperties) = preSolution
		HideSolutionNode = FALSE
	EndGlobalSection
	GlobalSection(ExtensibilityGlobals) = postSolution
		SolutionGuid = {05E201AC-1F03-4029-B06F-F5EE60D23D9E}
	EndGlobalSection
EndGlobal
